{
  "name": "ajs-test",
  "version": "1.0.0",
  "lockfileVersion": 3,
  "requires": true,
  "packages": {
    "": {
      "name": "ajs-test",
      "version": "1.0.0",
      "license": "ISC",
      "dependencies": {
        "@vadimroziznan/ajs": "^1.0.0"
      }
    },
    "node_modules/@vadimroziznan/ajs": {
      "version": "1.0.0",
      "resolved": "https://npm.pkg.github.com/download/@vadimroziznan/ajs/1.0.0/ebb92a8a5cd2971a97e1aa59637cc0a40e4b2c44",
      "integrity": "sha512-yh9ECgC9lWAXTAwb6EQuu001U/vaDXQ5Zh4ADDQzWHgAfWLGKCXAa0GNZyoL0o9tznugzGt5smADQnRUDhtffw==",
      "license": "ISC"
    }
  }
}
